
Microsoft Visual Studio Solution File, Format Version 12.00
# Visual Studio Version 17
VisualStudioVersion = 17.0.31903.59
MinimumVisualStudioVersion = 10.0.40219.1
Project("{FAE04EC0-301F-11D3-BF4B-00C04F79EFBC}") = "FixedPhysics", "FixedPhysics\FixedPhysics.csproj", "{1F53D332-75A9-4D3C-93FF-89CC2C7CBD12}"
EndProject
Project("{2150E333-8FDC-42A3-9474-1A3956D46DE8}") = "FixedMath", "FixedMath", "{497259B1-9141-4F93-8BA5-54A25840EB0F}"
EndProject
Project("{FAE04EC0-301F-11D3-BF4B-00C04F79EFBC}") = "FixedMath", "FixedMath\FixedMath\FixedMath.csproj", "{650E2415-1976-46CD-AE00-FAD1A183DA28}"
EndProject
Project("{2150E333-8FDC-42A3-9474-1A3956D46DE8}") = "JoyCollections", "JoyCollections", "{07EF61B6-C9AD-436B-A669-F9613FA52F9F}"
EndProject
Project("{FAE04EC0-301F-11D3-BF4B-00C04F79EFBC}") = "JoyCollections", "JoyCollections\JoyCollections\JoyCollections.csproj", "{8DB1B555-8274-49C9-8381-80C6C6CBE3FE}"
EndProject
Global
	GlobalSection(SolutionConfigurationPlatforms) = preSolution
		Debug|Any CPU = Debug|Any CPU
		Release|Any CPU = Release|Any CPU
	EndGlobalSection
	GlobalSection(SolutionProperties) = preSolution
		HideSolutionNode = FALSE
	EndGlobalSection
	GlobalSection(ProjectConfigurationPlatforms) = postSolution
		{1F53D332-75A9-4D3C-93FF-89CC2C7CBD12}.Debug|Any CPU.ActiveCfg = Debug|Any CPU
		{1F53D332-75A9-4D3C-93FF-89CC2C7CBD12}.Debug|Any CPU.Build.0 = Debug|Any CPU
		{1F53D332-75A9-4D3C-93FF-89CC2C7CBD12}.Release|Any CPU.ActiveCfg = Release|Any CPU
		{1F53D332-75A9-4D3C-93FF-89CC2C7CBD12}.Release|Any CPU.Build.0 = Release|Any CPU
		{650E2415-1976-46CD-AE00-FAD1A183DA28}.Debug|Any CPU.ActiveCfg = Debug|Any CPU
		{650E2415-1976-46CD-AE00-FAD1A183DA28}.Debug|Any CPU.Build.0 = Debug|Any CPU
		{650E2415-1976-46CD-AE00-FAD1A183DA28}.Release|Any CPU.ActiveCfg = Release|Any CPU
		{650E2415-1976-46CD-AE00-FAD1A183DA28}.Release|Any CPU.Build.0 = Release|Any CPU
		{8DB1B555-8274-49C9-8381-80C6C6CBE3FE}.Debug|Any CPU.ActiveCfg = Debug|Any CPU
		{8DB1B555-8274-49C9-8381-80C6C6CBE3FE}.Debug|Any CPU.Build.0 = Debug|Any CPU
		{8DB1B555-8274-49C9-8381-80C6C6CBE3FE}.Release|Any CPU.ActiveCfg = Release|Any CPU
		{8DB1B555-8274-49C9-8381-80C6C6CBE3FE}.Release|Any CPU.Build.0 = Release|Any CPU
	EndGlobalSection
	GlobalSection(NestedProjects) = preSolution
		{650E2415-1976-46CD-AE00-FAD1A183DA28} = {497259B1-9141-4F93-8BA5-54A25840EB0F}
		{8DB1B555-8274-49C9-8381-80C6C6CBE3FE} = {07EF61B6-C9AD-436B-A669-F9613FA52F9F}
	EndGlobalSection
EndGlobal
